
Microsoft Visual Studio Solution File, Format Version 12.00
# Visual Studio Version 17
VisualStudioVersion = 17.13.35806.99 d17.13
MinimumVisualStudioVersion = 10.0.40219.1
Project("{FAE04EC0-301F-11D3-BF4B-00C04F79EFBC}") = "DolarPy.BlazorHybrid", "DolarPy.BlazorHybrid\DolarPy.BlazorHybrid.csproj", "{E4E08E38-7E19-4DED-94D0-C42753C02422}"
EndProject
Global
	GlobalSection(SolutionConfigurationPlatforms) = preSolution
		Debug|Any CPU = Debug|Any CPU
		Release|Any CPU = Release|Any CPU
	EndGlobalSection
	GlobalSection(ProjectConfigurationPlatforms) = postSolution
		{E4E08E38-7E19-4DED-94D0-C42753C02422}.Debug|Any CPU.ActiveCfg = Debug|Any CPU
		{E4E08E38-7E19-4DED-94D0-C42753C02422}.Debug|Any CPU.Build.0 = Debug|Any CPU
		{E4E08E38-7E19-4DED-94D0-C42753C02422}.Release|Any CPU.ActiveCfg = Release|Any CPU
		{E4E08E38-7E19-4DED-94D0-C42753C02422}.Release|Any CPU.Build.0 = Release|Any CPU
	EndGlobalSection
	GlobalSection(SolutionProperties) = preSolution
		HideSolutionNode = FALSE
	EndGlobalSection
	GlobalSection(ExtensibilityGlobals) = postSolution
		SolutionGuid = {295A4B65-862D-4A54-AD0A-6F000EB44015}
	EndGlobalSection
EndGlobal
